
Microsoft Visual Studio Solution File, Format Version 12.00
# Visual Studio Version 18
VisualStudioVersion = 18.0.11222.15
MinimumVisualStudioVersion = 10.0.40219.1
Project("{2150E333-8FDC-42A3-9474-1A3956D46DE8}") = "Lib", "Lib", "{18CC4608-EAA9-4582-9B14-93726CE3457B}"
EndProject
Project("{2150E333-8FDC-42A3-9474-1A3956D46DE8}") = "Application", "Application", "{E78EABE4-0802-4EE5-B4CA-9E23CCC8034F}"
EndProject
Project("{FAE04EC0-301F-11D3-BF4B-00C04F79EFBC}") = "SolutionGrader.Core", "Lib\SolutionGrader.Core\SolutionGrader.Core.csproj", "{DD89DA38-0139-71CD-9B11-E235EC6632D7}"
EndProject
Project("{FAE04EC0-301F-11D3-BF4B-00C04F79EFBC}") = "ProcessLauncher", "Lib\ProcessLauncher\ProcessLauncher.csproj", "{F8317762-D71B-4AB7-A07A-799C80B9BC53}"
EndProject
Project("{FAE04EC0-301F-11D3-BF4B-00C04F79EFBC}") = "Domain", "Lib\Domain\Domain.csproj", "{51991FD1-2D1B-46D9-8A62-37796262BD66}"
EndProject
Project("{FAE04EC0-301F-11D3-BF4B-00C04F79EFBC}") = "EnvironmentBuilder", "Lib\EnvironmentBuilder\EnvironmentBuilder.csproj", "{8213DB75-7D00-40F5-85DB-41CBC6797026}"
EndProject
Project("{FAE04EC0-301F-11D3-BF4B-00C04F79EFBC}") = "FileMaster", "Lib\FileMaster\FileMaster.csproj", "{B4CA9E3D-1CAF-4D0D-8D87-BC1216ADD593}"
EndProject
Project("{FAE04EC0-301F-11D3-BF4B-00C04F79EFBC}") = "Common", "Lib\Common\Common.csproj", "{0D9ACA10-0461-F644-5A82-A9BAB3A61E15}"
EndProject
Project("{FAE04EC0-301F-11D3-BF4B-00C04F79EFBC}") = "NetworkMonitor", "Lib\NetworkMonitor\NetworkMonitor.csproj", "{A448E2E3-A603-3BDD-C954-03B776086177}"
EndProject
Project("{FAE04EC0-301F-11D3-BF4B-00C04F79EFBC}") = "SolutionGrader.UI", "Application\SolutionGrader.UI\SolutionGrader.UI.csproj", "{C319325E-0517-4476-9374-724FD35F5F80}"
EndProject
Project("{FAE04EC0-301F-11D3-BF4B-00C04F79EFBC}") = "DllMod", "Lib\DllMod\DllMod.csproj", "{538C782C-27D1-4BF3-97FA-923886FECD0A}"
EndProject
Global
	GlobalSection(SolutionConfigurationPlatforms) = preSolution
		Debug|Any CPU = Debug|Any CPU
		Debug|x64 = Debug|x64
		Debug|x86 = Debug|x86
		Release|Any CPU = Release|Any CPU
		Release|x64 = Release|x64
		Release|x86 = Release|x86
	EndGlobalSection
	GlobalSection(ProjectConfigurationPlatforms) = postSolution
		{DD89DA38-0139-71CD-9B11-E235EC6632D7}.Debug|Any CPU.ActiveCfg = Debug|Any CPU
		{DD89DA38-0139-71CD-9B11-E235EC6632D7}.Debug|Any CPU.Build.0 = Debug|Any CPU
		{DD89DA38-0139-71CD-9B11-E235EC6632D7}.Debug|x64.ActiveCfg = Debug|Any CPU
		{DD89DA38-0139-71CD-9B11-E235EC6632D7}.Debug|x64.Build.0 = Debug|Any CPU
		{DD89DA38-0139-71CD-9B11-E235EC6632D7}.Debug|x86.ActiveCfg = Debug|Any CPU
		{DD89DA38-0139-71CD-9B11-E235EC6632D7}.Debug|x86.Build.0 = Debug|Any CPU
		{DD89DA38-0139-71CD-9B11-E235EC6632D7}.Release|Any CPU.ActiveCfg = Release|Any CPU
		{DD89DA38-0139-71CD-9B11-E235EC6632D7}.Release|Any CPU.Build.0 = Release|Any CPU
		{DD89DA38-0139-71CD-9B11-E235EC6632D7}.Release|x64.ActiveCfg = Release|Any CPU
		{DD89DA38-0139-71CD-9B11-E235EC6632D7}.Release|x64.Build.0 = Release|Any CPU
		{DD89DA38-0139-71CD-9B11-E235EC6632D7}.Release|x86.ActiveCfg = Release|Any CPU
		{DD89DA38-0139-71CD-9B11-E235EC6632D7}.Release|x86.Build.0 = Release|Any CPU
		{F8317762-D71B-4AB7-A07A-799C80B9BC53}.Debug|Any CPU.ActiveCfg = Debug|Any CPU
		{F8317762-D71B-4AB7-A07A-799C80B9BC53}.Debug|Any CPU.Build.0 = Debug|Any CPU
		{F8317762-D71B-4AB7-A07A-799C80B9BC53}.Debug|x64.ActiveCfg = Debug|Any CPU
		{F8317762-D71B-4AB7-A07A-799C80B9BC53}.Debug|x64.Build.0 = Debug|Any CPU
		{F8317762-D71B-4AB7-A07A-799C80B9BC53}.Debug|x86.ActiveCfg = Debug|Any CPU
		{F8317762-D71B-4AB7-A07A-799C80B9BC53}.Debug|x86.Build.0 = Debug|Any CPU
		{F8317762-D71B-4AB7-A07A-799C80B9BC53}.Release|Any CPU.ActiveCfg = Release|Any CPU
		{F8317762-D71B-4AB7-A07A-799C80B9BC53}.Release|Any CPU.Build.0 = Release|Any CPU
		{F8317762-D71B-4AB7-A07A-799C80B9BC53}.Release|x64.ActiveCfg = Release|Any CPU
		{F8317762-D71B-4AB7-A07A-799C80B9BC53}.Release|x64.Build.0 = Release|Any CPU
		{F8317762-D71B-4AB7-A07A-799C80B9BC53}.Release|x86.ActiveCfg = Release|Any CPU
		{F8317762-D71B-4AB7-A07A-799C80B9BC53}.Release|x86.Build.0 = Release|Any CPU
		{51991FD1-2D1B-46D9-8A62-37796262BD66}.Debug|Any CPU.ActiveCfg = Debug|Any CPU
		{51991FD1-2D1B-46D9-8A62-37796262BD66}.Debug|Any CPU.Build.0 = Debug|Any CPU
		{51991FD1-2D1B-46D9-8A62-37796262BD66}.Debug|x64.ActiveCfg = Debug|Any CPU
		{51991FD1-2D1B-46D9-8A62-37796262BD66}.Debug|x64.Build.0 = Debug|Any CPU
		{51991FD1-2D1B-46D9-8A62-37796262BD66}.Debug|x86.ActiveCfg = Debug|Any CPU
		{51991FD1-2D1B-46D9-8A62-37796262BD66}.Debug|x86.Build.0 = Debug|Any CPU
		{51991FD1-2D1B-46D9-8A62-37796262BD66}.Release|Any CPU.ActiveCfg = Release|Any CPU
		{51991FD1-2D1B-46D9-8A62-37796262BD66}.Release|Any CPU.Build.0 = Release|Any CPU
		{51991FD1-2D1B-46D9-8A62-37796262BD66}.Release|x64.ActiveCfg = Release|Any CPU
		{51991FD1-2D1B-46D9-8A62-37796262BD66}.Release|x64.Build.0 = Release|Any CPU
		{51991FD1-2D1B-46D9-8A62-37796262BD66}.Release|x86.ActiveCfg = Release|Any CPU
		{51991FD1-2D1B-46D9-8A62-37796262BD66}.Release|x86.Build.0 = Release|Any CPU
		{8213DB75-7D00-40F5-85DB-41CBC6797026}.Debug|Any CPU.ActiveCfg = Debug|Any CPU
		{8213DB75-7D00-40F5-85DB-41CBC6797026}.Debug|Any CPU.Build.0 = Debug|Any CPU
		{8213DB75-7D00-40F5-85DB-41CBC6797026}.Debug|x64.ActiveCfg = Debug|Any CPU
		{8213DB75-7D00-40F5-85DB-41CBC6797026}.Debug|x64.Build.0 = Debug|Any CPU
		{8213DB75-7D00-40F5-85DB-41CBC6797026}.Debug|x86.ActiveCfg = Debug|Any CPU
		{8213DB75-7D00-40F5-85DB-41CBC6797026}.Debug|x86.Build.0 = Debug|Any CPU
		{8213DB75-7D00-40F5-85DB-41CBC6797026}.Release|Any CPU.ActiveCfg = Release|Any CPU
		{8213DB75-7D00-40F5-85DB-41CBC6797026}.Release|Any CPU.Build.0 = Release|Any CPU
		{8213DB75-7D00-40F5-85DB-41CBC6797026}.Release|x64.ActiveCfg = Release|Any CPU
		{8213DB75-7D00-40F5-85DB-41CBC6797026}.Release|x64.Build.0 = Release|Any CPU
		{8213DB75-7D00-40F5-85DB-41CBC6797026}.Release|x86.ActiveCfg = Release|Any CPU
		{8213DB75-7D00-40F5-85DB-41CBC6797026}.Release|x86.Build.0 = Release|Any CPU
		{B4CA9E3D-1CAF-4D0D-8D87-BC1216ADD593}.Debug|Any CPU.ActiveCfg = Debug|Any CPU
		{B4CA9E3D-1CAF-4D0D-8D87-BC1216ADD593}.Debug|Any CPU.Build.0 = Debug|Any CPU
		{B4CA9E3D-1CAF-4D0D-8D87-BC1216ADD593}.Debug|x64.ActiveCfg = Debug|Any CPU
		{B4CA9E3D-1CAF-4D0D-8D87-BC1216ADD593}.Debug|x64.Build.0 = Debug|Any CPU
		{B4CA9E3D-1CAF-4D0D-8D87-BC1216ADD593}.Debug|x86.ActiveCfg = Debug|Any CPU
		{B4CA9E3D-1CAF-4D0D-8D87-BC1216ADD593}.Debug|x86.Build.0 = Debug|Any CPU
		{B4CA9E3D-1CAF-4D0D-8D87-BC1216ADD593}.Release|Any CPU.ActiveCfg = Release|Any CPU
		{B4CA9E3D-1CAF-4D0D-8D87-BC1216ADD593}.Release|Any CPU.Build.0 = Release|Any CPU
		{B4CA9E3D-1CAF-4D0D-8D87-BC1216ADD593}.Release|x64.ActiveCfg = Release|Any CPU
		{B4CA9E3D-1CAF-4D0D-8D87-BC1216ADD593}.Release|x64.Build.0 = Release|Any CPU
		{B4CA9E3D-1CAF-4D0D-8D87-BC1216ADD593}.Release|x86.ActiveCfg = Release|Any CPU
		{B4CA9E3D-1CAF-4D0D-8D87-BC1216ADD593}.Release|x86.Build.0 = Release|Any CPU
		{0D9ACA10-0461-F644-5A82-A9BAB3A61E15}.Debug|Any CPU.ActiveCfg = Debug|Any CPU
		{0D9ACA10-0461-F644-5A82-A9BAB3A61E15}.Debug|Any CPU.Build.0 = Debug|Any CPU
		{0D9ACA10-0461-F644-5A82-A9BAB3A61E15}.Debug|x64.ActiveCfg = Debug|Any CPU
		{0D9ACA10-0461-F644-5A82-A9BAB3A61E15}.Debug|x64.Build.0 = Debug|Any CPU
		{0D9ACA10-0461-F644-5A82-A9BAB3A61E15}.Debug|x86.ActiveCfg = Debug|Any CPU
		{0D9ACA10-0461-F644-5A82-A9BAB3A61E15}.Debug|x86.Build.0 = Debug|Any CPU
		{0D9ACA10-0461-F644-5A82-A9BAB3A61E15}.Release|Any CPU.ActiveCfg = Release|Any CPU
		{0D9ACA10-0461-F644-5A82-A9BAB3A61E15}.Release|Any CPU.Build.0 = Release|Any CPU
		{0D9ACA10-0461-F644-5A82-A9BAB3A61E15}.Release|x64.ActiveCfg = Release|Any CPU
		{0D9ACA10-0461-F644-5A82-A9BAB3A61E15}.Release|x64.Build.0 = Release|Any CPU
		{0D9ACA10-0461-F644-5A82-A9BAB3A61E15}.Release|x86.ActiveCfg = Release|Any CPU
		{0D9ACA10-0461-F644-5A82-A9BAB3A61E15}.Release|x86.Build.0 = Release|Any CPU
		{A448E2E3-A603-3BDD-C954-03B776086177}.Debug|Any CPU.ActiveCfg = Debug|Any CPU
		{A448E2E3-A603-3BDD-C954-03B776086177}.Debug|Any CPU.Build.0 = Debug|Any CPU
		{A448E2E3-A603-3BDD-C954-03B776086177}.Debug|x64.ActiveCfg = Debug|Any CPU
		{A448E2E3-A603-3BDD-C954-03B776086177}.Debug|x64.Build.0 = Debug|Any CPU
		{A448E2E3-A603-3BDD-C954-03B776086177}.Debug|x86.ActiveCfg = Debug|Any CPU
		{A448E2E3-A603-3BDD-C954-03B776086177}.Debug|x86.Build.0 = Debug|Any CPU
		{A448E2E3-A603-3BDD-C954-03B776086177}.Release|Any CPU.ActiveCfg = Release|Any CPU
		{A448E2E3-A603-3BDD-C954-03B776086177}.Release|Any CPU.Build.0 = Release|Any CPU
		{A448E2E3-A603-3BDD-C954-03B776086177}.Release|x64.ActiveCfg = Release|Any CPU
		{A448E2E3-A603-3BDD-C954-03B776086177}.Release|x64.Build.0 = Release|Any CPU
		{A448E2E3-A603-3BDD-C954-03B776086177}.Release|x86.ActiveCfg = Release|Any CPU
		{A448E2E3-A603-3BDD-C954-03B776086177}.Release|x86.Build.0 = Release|Any CPU
		{C319325E-0517-4476-9374-724FD35F5F80}.Debug|Any CPU.ActiveCfg = Debug|Any CPU
		{C319325E-0517-4476-9374-724FD35F5F80}.Debug|Any CPU.Build.0 = Debug|Any CPU
		{C319325E-0517-4476-9374-724FD35F5F80}.Debug|x64.ActiveCfg = Debug|Any CPU
		{C319325E-0517-4476-9374-724FD35F5F80}.Debug|x64.Build.0 = Debug|Any CPU
		{C319325E-0517-4476-9374-724FD35F5F80}.Debug|x86.ActiveCfg = Debug|Any CPU
		{C319325E-0517-4476-9374-724FD35F5F80}.Debug|x86.Build.0 = Debug|Any CPU
		{C319325E-0517-4476-9374-724FD35F5F80}.Release|Any CPU.ActiveCfg = Release|Any CPU
		{C319325E-0517-4476-9374-724FD35F5F80}.Release|Any CPU.Build.0 = Release|Any CPU
		{C319325E-0517-4476-9374-724FD35F5F80}.Release|x64.ActiveCfg = Release|Any CPU
		{C319325E-0517-4476-9374-724FD35F5F80}.Release|x64.Build.0 = Release|Any CPU
		{C319325E-0517-4476-9374-724FD35F5F80}.Release|x86.ActiveCfg = Release|Any CPU
		{C319325E-0517-4476-9374-724FD35F5F80}.Release|x86.Build.0 = Release|Any CPU
		{538C782C-27D1-4BF3-97FA-923886FECD0A}.Debug|Any CPU.ActiveCfg = Debug|Any CPU
		{538C782C-27D1-4BF3-97FA-923886FECD0A}.Debug|Any CPU.Build.0 = Debug|Any CPU
		{538C782C-27D1-4BF3-97FA-923886FECD0A}.Debug|x64.ActiveCfg = Debug|Any CPU
		{538C782C-27D1-4BF3-97FA-923886FECD0A}.Debug|x64.Build.0 = Debug|Any CPU
		{538C782C-27D1-4BF3-97FA-923886FECD0A}.Debug|x86.ActiveCfg = Debug|Any CPU
		{538C782C-27D1-4BF3-97FA-923886FECD0A}.Debug|x86.Build.0 = Debug|Any CPU
		{538C782C-27D1-4BF3-97FA-923886FECD0A}.Release|Any CPU.ActiveCfg = Release|Any CPU
		{538C782C-27D1-4BF3-97FA-923886FECD0A}.Release|Any CPU.Build.0 = Release|Any CPU
		{538C782C-27D1-4BF3-97FA-923886FECD0A}.Release|x64.ActiveCfg = Release|Any CPU
		{538C782C-27D1-4BF3-97FA-923886FECD0A}.Release|x64.Build.0 = Release|Any CPU
		{538C782C-27D1-4BF3-97FA-923886FECD0A}.Release|x86.ActiveCfg = Release|Any CPU
		{538C782C-27D1-4BF3-97FA-923886FECD0A}.Release|x86.Build.0 = Release|Any CPU
	EndGlobalSection
	GlobalSection(SolutionProperties) = preSolution
		HideSolutionNode = FALSE
	EndGlobalSection
	GlobalSection(NestedProjects) = preSolution
		{DD89DA38-0139-71CD-9B11-E235EC6632D7} = {18CC4608-EAA9-4582-9B14-93726CE3457B}
		{F8317762-D71B-4AB7-A07A-799C80B9BC53} = {18CC4608-EAA9-4582-9B14-93726CE3457B}
		{51991FD1-2D1B-46D9-8A62-37796262BD66} = {18CC4608-EAA9-4582-9B14-93726CE3457B}
		{8213DB75-7D00-40F5-85DB-41CBC6797026} = {18CC4608-EAA9-4582-9B14-93726CE3457B}
		{B4CA9E3D-1CAF-4D0D-8D87-BC1216ADD593} = {18CC4608-EAA9-4582-9B14-93726CE3457B}
		{0D9ACA10-0461-F644-5A82-A9BAB3A61E15} = {18CC4608-EAA9-4582-9B14-93726CE3457B}
		{A448E2E3-A603-3BDD-C954-03B776086177} = {18CC4608-EAA9-4582-9B14-93726CE3457B}
		{C319325E-0517-4476-9374-724FD35F5F80} = {E78EABE4-0802-4EE5-B4CA-9E23CCC8034F}
		{538C782C-27D1-4BF3-97FA-923886FECD0A} = {18CC4608-EAA9-4582-9B14-93726CE3457B}
	EndGlobalSection
	GlobalSection(ExtensibilityGlobals) = postSolution
		SolutionGuid = {E5D04C96-B2FB-483E-AE74-F400DA0A56A8}
	EndGlobalSection
EndGlobal
