
Microsoft Visual Studio Solution File, Format Version 12.00
# Visual Studio Version 17
VisualStudioVersion = 17.14.36705.20
MinimumVisualStudioVersion = 10.0.40219.1
Project("{2150E333-8FDC-42A3-9474-1A3956D46DE8}") = "Lib", "Lib", "{18CC4608-EAA9-4582-9B14-93726CE3457B}"
EndProject
Project("{2150E333-8FDC-42A3-9474-1A3956D46DE8}") = "Application", "Application", "{E78EABE4-0802-4EE5-B4CA-9E23CCC8034F}"
EndProject
Project("{FAE04EC0-301F-11D3-BF4B-00C04F79EFBC}") = "SolutionGrader.Cli", "Application\SolutionGrader.Cli\SolutionGrader.Cli.csproj", "{B8BB831D-C978-285C-053B-727E5826FBFE}"
EndProject
Project("{FAE04EC0-301F-11D3-BF4B-00C04F79EFBC}") = "SolutionGrader.Core", "Lib\SolutionGrader.Core\SolutionGrader.Core.csproj", "{DD89DA38-0139-71CD-9B11-E235EC6632D7}"
EndProject
Project("{FAE04EC0-301F-11D3-BF4B-00C04F79EFBC}") = "ProcessLauncher", "Lib\ProcessLauncher\ProcessLauncher.csproj", "{F8317762-D71B-4AB7-A07A-799C80B9BC53}"
EndProject
Project("{FAE04EC0-301F-11D3-BF4B-00C04F79EFBC}") = "EnvironmentManager", "Application\EnvironmentManager\EnvironmentManager.csproj", "{E827FA26-37E2-41F7-B48E-5AA6E26EDCE9}"
EndProject
Project("{FAE04EC0-301F-11D3-BF4B-00C04F79EFBC}") = "Domain", "Lib\Domain\Domain.csproj", "{51991FD1-2D1B-46D9-8A62-37796262BD66}"
EndProject
Project("{FAE04EC0-301F-11D3-BF4B-00C04F79EFBC}") = "DotNetEnvironmentManagerHelper", "Application\EnvironmentManagerHelper\DotNetEnvironmentManagerHelper\DotNetEnvironmentManagerHelper.csproj", "{3328E5F6-7A3E-4AE3-8B1D-3DD7DF7ACD2E}"
EndProject
Project("{FAE04EC0-301F-11D3-BF4B-00C04F79EFBC}") = "EnvironmentBuilder", "Lib\EnvironmentBuilder\EnvironmentBuilder.csproj", "{8213DB75-7D00-40F5-85DB-41CBC6797026}"
EndProject
Project("{FAE04EC0-301F-11D3-BF4B-00C04F79EFBC}") = "FileMaster", "Lib\FileMaster\FileMaster.csproj", "{B4CA9E3D-1CAF-4D0D-8D87-BC1216ADD593}"
EndProject
Project("{FAE04EC0-301F-11D3-BF4B-00C04F79EFBC}") = "Common", "Lib\Common\Common.csproj", "{0D9ACA10-0461-F644-5A82-A9BAB3A61E15}"
EndProject
Project("{FAE04EC0-301F-11D3-BF4B-00C04F79EFBC}") = "NetworkMonitor", "Lib\NetworkMonitor\NetworkMonitor.csproj", "{A448E2E3-A603-3BDD-C954-03B776086177}"
EndProject
Project("{FAE04EC0-301F-11D3-BF4B-00C04F79EFBC}") = "SolutionGrader.UI", "Application\SolutionGrader.UI\SolutionGrader.UI.csproj", "{C319325E-0517-4476-9374-724FD35F5F80}"
EndProject
Project("{FAE04EC0-301F-11D3-BF4B-00C04F79EFBC}") = "DotNetEnvironmentManagerHelper.Test", "Test\DotNetEnvironmentManagerHelper.Test\DotNetEnvironmentManagerHelper.Test.csproj", "{1C6AB700-F150-4A76-8FFE-A910E1D3B3C1}"
EndProject
Project("{2150E333-8FDC-42A3-9474-1A3956D46DE8}") = "Test", "Test", "{02EA681E-C7D8-13C7-8484-4AC65E1B71E8}"
EndProject
Project("{FAE04EC0-301F-11D3-BF4B-00C04F79EFBC}") = "Common", "Test\Common\Common.csproj", "{D58BA5FF-9AB3-4782-AE1E-514DD789ADBE}"
EndProject
Project("{FAE04EC0-301F-11D3-BF4B-00C04F79EFBC}") = "SolutionGrader.UI.Test", "Test\SolutionGrader.UI.Test\SolutionGrader.UI.Test.csproj", "{B705A0BE-A4BF-427A-8AEF-75A00D5A5AC1}"
EndProject
Project("{FAE04EC0-301F-11D3-BF4B-00C04F79EFBC}") = "DllMod", "Lib\DllMod\DllMod.csproj", "{538C782C-27D1-4BF3-97FA-923886FECD0A}"
EndProject
Project("{FAE04EC0-301F-11D3-BF4B-00C04F79EFBC}") = "SolutionGrader.Core.Test", "Test\SolutionGrader.Core.Test\SolutionGrader.Core.Test.csproj", "{89027BEE-71CC-4F6C-978B-41DA0BF87C9C}"
EndProject
Project("{2150E333-8FDC-42A3-9474-1A3956D46DE8}") = "UT", "UT", "{07E508F7-C7D8-476B-BD48-593AF5C2CFA8}"
EndProject
Project("{2150E333-8FDC-42A3-9474-1A3956D46DE8}") = "IT", "IT", "{DBCC5C89-0116-4EB6-9CFB-9CD975A788DA}"
EndProject
Project("{FAE04EC0-301F-11D3-BF4B-00C04F79EFBC}") = "SolutionGrader.IntergrationTest", "Test\SolutionGrader.IntergrationTest\SolutionGrader.IntergrationTest.csproj", "{816CC74E-2358-40E4-B67D-355F3FE5D9D0}"
EndProject
Global
	GlobalSection(SolutionConfigurationPlatforms) = preSolution
		Debug|Any CPU = Debug|Any CPU
		Debug|x64 = Debug|x64
		Debug|x86 = Debug|x86
		Release|Any CPU = Release|Any CPU
		Release|x64 = Release|x64
		Release|x86 = Release|x86
	EndGlobalSection
	GlobalSection(ProjectConfigurationPlatforms) = postSolution
		{B8BB831D-C978-285C-053B-727E5826FBFE}.Debug|Any CPU.ActiveCfg = Debug|Any CPU
		{B8BB831D-C978-285C-053B-727E5826FBFE}.Debug|Any CPU.Build.0 = Debug|Any CPU
		{B8BB831D-C978-285C-053B-727E5826FBFE}.Debug|x64.ActiveCfg = Debug|Any CPU
		{B8BB831D-C978-285C-053B-727E5826FBFE}.Debug|x64.Build.0 = Debug|Any CPU
		{B8BB831D-C978-285C-053B-727E5826FBFE}.Debug|x86.ActiveCfg = Debug|Any CPU
		{B8BB831D-C978-285C-053B-727E5826FBFE}.Debug|x86.Build.0 = Debug|Any CPU
		{B8BB831D-C978-285C-053B-727E5826FBFE}.Release|Any CPU.ActiveCfg = Release|Any CPU
		{B8BB831D-C978-285C-053B-727E5826FBFE}.Release|Any CPU.Build.0 = Release|Any CPU
		{B8BB831D-C978-285C-053B-727E5826FBFE}.Release|x64.ActiveCfg = Release|Any CPU
		{B8BB831D-C978-285C-053B-727E5826FBFE}.Release|x64.Build.0 = Release|Any CPU
		{B8BB831D-C978-285C-053B-727E5826FBFE}.Release|x86.ActiveCfg = Release|Any CPU
		{B8BB831D-C978-285C-053B-727E5826FBFE}.Release|x86.Build.0 = Release|Any CPU
		{DD89DA38-0139-71CD-9B11-E235EC6632D7}.Debug|Any CPU.ActiveCfg = Debug|Any CPU
		{DD89DA38-0139-71CD-9B11-E235EC6632D7}.Debug|Any CPU.Build.0 = Debug|Any CPU
		{DD89DA38-0139-71CD-9B11-E235EC6632D7}.Debug|x64.ActiveCfg = Debug|Any CPU
		{DD89DA38-0139-71CD-9B11-E235EC6632D7}.Debug|x64.Build.0 = Debug|Any CPU
		{DD89DA38-0139-71CD-9B11-E235EC6632D7}.Debug|x86.ActiveCfg = Debug|Any CPU
		{DD89DA38-0139-71CD-9B11-E235EC6632D7}.Debug|x86.Build.0 = Debug|Any CPU
		{DD89DA38-0139-71CD-9B11-E235EC6632D7}.Release|Any CPU.ActiveCfg = Release|Any CPU
		{DD89DA38-0139-71CD-9B11-E235EC6632D7}.Release|Any CPU.Build.0 = Release|Any CPU
		{DD89DA38-0139-71CD-9B11-E235EC6632D7}.Release|x64.ActiveCfg = Release|Any CPU
		{DD89DA38-0139-71CD-9B11-E235EC6632D7}.Release|x64.Build.0 = Release|Any CPU
		{DD89DA38-0139-71CD-9B11-E235EC6632D7}.Release|x86.ActiveCfg = Release|Any CPU
		{DD89DA38-0139-71CD-9B11-E235EC6632D7}.Release|x86.Build.0 = Release|Any CPU
		{F8317762-D71B-4AB7-A07A-799C80B9BC53}.Debug|Any CPU.ActiveCfg = Debug|Any CPU
		{F8317762-D71B-4AB7-A07A-799C80B9BC53}.Debug|Any CPU.Build.0 = Debug|Any CPU
		{F8317762-D71B-4AB7-A07A-799C80B9BC53}.Debug|x64.ActiveCfg = Debug|Any CPU
		{F8317762-D71B-4AB7-A07A-799C80B9BC53}.Debug|x64.Build.0 = Debug|Any CPU
		{F8317762-D71B-4AB7-A07A-799C80B9BC53}.Debug|x86.ActiveCfg = Debug|Any CPU
		{F8317762-D71B-4AB7-A07A-799C80B9BC53}.Debug|x86.Build.0 = Debug|Any CPU
		{F8317762-D71B-4AB7-A07A-799C80B9BC53}.Release|Any CPU.ActiveCfg = Release|Any CPU
		{F8317762-D71B-4AB7-A07A-799C80B9BC53}.Release|Any CPU.Build.0 = Release|Any CPU
		{F8317762-D71B-4AB7-A07A-799C80B9BC53}.Release|x64.ActiveCfg = Release|Any CPU
		{F8317762-D71B-4AB7-A07A-799C80B9BC53}.Release|x64.Build.0 = Release|Any CPU
		{F8317762-D71B-4AB7-A07A-799C80B9BC53}.Release|x86.ActiveCfg = Release|Any CPU
		{F8317762-D71B-4AB7-A07A-799C80B9BC53}.Release|x86.Build.0 = Release|Any CPU
		{E827FA26-37E2-41F7-B48E-5AA6E26EDCE9}.Debug|Any CPU.ActiveCfg = Debug|Any CPU
		{E827FA26-37E2-41F7-B48E-5AA6E26EDCE9}.Debug|Any CPU.Build.0 = Debug|Any CPU
		{E827FA26-37E2-41F7-B48E-5AA6E26EDCE9}.Debug|x64.ActiveCfg = Debug|Any CPU
		{E827FA26-37E2-41F7-B48E-5AA6E26EDCE9}.Debug|x64.Build.0 = Debug|Any CPU
		{E827FA26-37E2-41F7-B48E-5AA6E26EDCE9}.Debug|x86.ActiveCfg = Debug|Any CPU
		{E827FA26-37E2-41F7-B48E-5AA6E26EDCE9}.Debug|x86.Build.0 = Debug|Any CPU
		{E827FA26-37E2-41F7-B48E-5AA6E26EDCE9}.Release|Any CPU.ActiveCfg = Release|Any CPU
		{E827FA26-37E2-41F7-B48E-5AA6E26EDCE9}.Release|Any CPU.Build.0 = Release|Any CPU
		{E827FA26-37E2-41F7-B48E-5AA6E26EDCE9}.Release|x64.ActiveCfg = Release|Any CPU
		{E827FA26-37E2-41F7-B48E-5AA6E26EDCE9}.Release|x64.Build.0 = Release|Any CPU
		{E827FA26-37E2-41F7-B48E-5AA6E26EDCE9}.Release|x86.ActiveCfg = Release|Any CPU
		{E827FA26-37E2-41F7-B48E-5AA6E26EDCE9}.Release|x86.Build.0 = Release|Any CPU
		{51991FD1-2D1B-46D9-8A62-37796262BD66}.Debug|Any CPU.ActiveCfg = Debug|Any CPU
		{51991FD1-2D1B-46D9-8A62-37796262BD66}.Debug|Any CPU.Build.0 = Debug|Any CPU
		{51991FD1-2D1B-46D9-8A62-37796262BD66}.Debug|x64.ActiveCfg = Debug|Any CPU
		{51991FD1-2D1B-46D9-8A62-37796262BD66}.Debug|x64.Build.0 = Debug|Any CPU
		{51991FD1-2D1B-46D9-8A62-37796262BD66}.Debug|x86.ActiveCfg = Debug|Any CPU
		{51991FD1-2D1B-46D9-8A62-37796262BD66}.Debug|x86.Build.0 = Debug|Any CPU
		{51991FD1-2D1B-46D9-8A62-37796262BD66}.Release|Any CPU.ActiveCfg = Release|Any CPU
		{51991FD1-2D1B-46D9-8A62-37796262BD66}.Release|Any CPU.Build.0 = Release|Any CPU
		{51991FD1-2D1B-46D9-8A62-37796262BD66}.Release|x64.ActiveCfg = Release|Any CPU
		{51991FD1-2D1B-46D9-8A62-37796262BD66}.Release|x64.Build.0 = Release|Any CPU
		{51991FD1-2D1B-46D9-8A62-37796262BD66}.Release|x86.ActiveCfg = Release|Any CPU
		{51991FD1-2D1B-46D9-8A62-37796262BD66}.Release|x86.Build.0 = Release|Any CPU
		{3328E5F6-7A3E-4AE3-8B1D-3DD7DF7ACD2E}.Debug|Any CPU.ActiveCfg = Debug|Any CPU
		{3328E5F6-7A3E-4AE3-8B1D-3DD7DF7ACD2E}.Debug|Any CPU.Build.0 = Debug|Any CPU
		{3328E5F6-7A3E-4AE3-8B1D-3DD7DF7ACD2E}.Debug|x64.ActiveCfg = Debug|Any CPU
		{3328E5F6-7A3E-4AE3-8B1D-3DD7DF7ACD2E}.Debug|x64.Build.0 = Debug|Any CPU
		{3328E5F6-7A3E-4AE3-8B1D-3DD7DF7ACD2E}.Debug|x86.ActiveCfg = Debug|Any CPU
		{3328E5F6-7A3E-4AE3-8B1D-3DD7DF7ACD2E}.Debug|x86.Build.0 = Debug|Any CPU
		{3328E5F6-7A3E-4AE3-8B1D-3DD7DF7ACD2E}.Release|Any CPU.ActiveCfg = Release|Any CPU
		{3328E5F6-7A3E-4AE3-8B1D-3DD7DF7ACD2E}.Release|Any CPU.Build.0 = Release|Any CPU
		{3328E5F6-7A3E-4AE3-8B1D-3DD7DF7ACD2E}.Release|x64.ActiveCfg = Release|Any CPU
		{3328E5F6-7A3E-4AE3-8B1D-3DD7DF7ACD2E}.Release|x64.Build.0 = Release|Any CPU
		{3328E5F6-7A3E-4AE3-8B1D-3DD7DF7ACD2E}.Release|x86.ActiveCfg = Release|Any CPU
		{3328E5F6-7A3E-4AE3-8B1D-3DD7DF7ACD2E}.Release|x86.Build.0 = Release|Any CPU
		{8213DB75-7D00-40F5-85DB-41CBC6797026}.Debug|Any CPU.ActiveCfg = Debug|Any CPU
		{8213DB75-7D00-40F5-85DB-41CBC6797026}.Debug|Any CPU.Build.0 = Debug|Any CPU
		{8213DB75-7D00-40F5-85DB-41CBC6797026}.Debug|x64.ActiveCfg = Debug|Any CPU
		{8213DB75-7D00-40F5-85DB-41CBC6797026}.Debug|x64.Build.0 = Debug|Any CPU
		{8213DB75-7D00-40F5-85DB-41CBC6797026}.Debug|x86.ActiveCfg = Debug|Any CPU
		{8213DB75-7D00-40F5-85DB-41CBC6797026}.Debug|x86.Build.0 = Debug|Any CPU
		{8213DB75-7D00-40F5-85DB-41CBC6797026}.Release|Any CPU.ActiveCfg = Release|Any CPU
		{8213DB75-7D00-40F5-85DB-41CBC6797026}.Release|Any CPU.Build.0 = Release|Any CPU
		{8213DB75-7D00-40F5-85DB-41CBC6797026}.Release|x64.ActiveCfg = Release|Any CPU
		{8213DB75-7D00-40F5-85DB-41CBC6797026}.Release|x64.Build.0 = Release|Any CPU
		{8213DB75-7D00-40F5-85DB-41CBC6797026}.Release|x86.ActiveCfg = Release|Any CPU
		{8213DB75-7D00-40F5-85DB-41CBC6797026}.Release|x86.Build.0 = Release|Any CPU
		{B4CA9E3D-1CAF-4D0D-8D87-BC1216ADD593}.Debug|Any CPU.ActiveCfg = Debug|Any CPU
		{B4CA9E3D-1CAF-4D0D-8D87-BC1216ADD593}.Debug|Any CPU.Build.0 = Debug|Any CPU
		{B4CA9E3D-1CAF-4D0D-8D87-BC1216ADD593}.Debug|x64.ActiveCfg = Debug|Any CPU
		{B4CA9E3D-1CAF-4D0D-8D87-BC1216ADD593}.Debug|x64.Build.0 = Debug|Any CPU
		{B4CA9E3D-1CAF-4D0D-8D87-BC1216ADD593}.Debug|x86.ActiveCfg = Debug|Any CPU
		{B4CA9E3D-1CAF-4D0D-8D87-BC1216ADD593}.Debug|x86.Build.0 = Debug|Any CPU
		{B4CA9E3D-1CAF-4D0D-8D87-BC1216ADD593}.Release|Any CPU.ActiveCfg = Release|Any CPU
		{B4CA9E3D-1CAF-4D0D-8D87-BC1216ADD593}.Release|Any CPU.Build.0 = Release|Any CPU
		{B4CA9E3D-1CAF-4D0D-8D87-BC1216ADD593}.Release|x64.ActiveCfg = Release|Any CPU
		{B4CA9E3D-1CAF-4D0D-8D87-BC1216ADD593}.Release|x64.Build.0 = Release|Any CPU
		{B4CA9E3D-1CAF-4D0D-8D87-BC1216ADD593}.Release|x86.ActiveCfg = Release|Any CPU
		{B4CA9E3D-1CAF-4D0D-8D87-BC1216ADD593}.Release|x86.Build.0 = Release|Any CPU
		{0D9ACA10-0461-F644-5A82-A9BAB3A61E15}.Debug|Any CPU.ActiveCfg = Debug|Any CPU
		{0D9ACA10-0461-F644-5A82-A9BAB3A61E15}.Debug|Any CPU.Build.0 = Debug|Any CPU
		{0D9ACA10-0461-F644-5A82-A9BAB3A61E15}.Debug|x64.ActiveCfg = Debug|Any CPU
		{0D9ACA10-0461-F644-5A82-A9BAB3A61E15}.Debug|x64.Build.0 = Debug|Any CPU
		{0D9ACA10-0461-F644-5A82-A9BAB3A61E15}.Debug|x86.ActiveCfg = Debug|Any CPU
		{0D9ACA10-0461-F644-5A82-A9BAB3A61E15}.Debug|x86.Build.0 = Debug|Any CPU
		{0D9ACA10-0461-F644-5A82-A9BAB3A61E15}.Release|Any CPU.ActiveCfg = Release|Any CPU
		{0D9ACA10-0461-F644-5A82-A9BAB3A61E15}.Release|Any CPU.Build.0 = Release|Any CPU
		{0D9ACA10-0461-F644-5A82-A9BAB3A61E15}.Release|x64.ActiveCfg = Release|Any CPU
		{0D9ACA10-0461-F644-5A82-A9BAB3A61E15}.Release|x64.Build.0 = Release|Any CPU
		{0D9ACA10-0461-F644-5A82-A9BAB3A61E15}.Release|x86.ActiveCfg = Release|Any CPU
		{0D9ACA10-0461-F644-5A82-A9BAB3A61E15}.Release|x86.Build.0 = Release|Any CPU
		{A448E2E3-A603-3BDD-C954-03B776086177}.Debug|Any CPU.ActiveCfg = Debug|Any CPU
		{A448E2E3-A603-3BDD-C954-03B776086177}.Debug|Any CPU.Build.0 = Debug|Any CPU
		{A448E2E3-A603-3BDD-C954-03B776086177}.Debug|x64.ActiveCfg = Debug|Any CPU
		{A448E2E3-A603-3BDD-C954-03B776086177}.Debug|x64.Build.0 = Debug|Any CPU
		{A448E2E3-A603-3BDD-C954-03B776086177}.Debug|x86.ActiveCfg = Debug|Any CPU
		{A448E2E3-A603-3BDD-C954-03B776086177}.Debug|x86.Build.0 = Debug|Any CPU
		{A448E2E3-A603-3BDD-C954-03B776086177}.Release|Any CPU.ActiveCfg = Release|Any CPU
		{A448E2E3-A603-3BDD-C954-03B776086177}.Release|Any CPU.Build.0 = Release|Any CPU
		{A448E2E3-A603-3BDD-C954-03B776086177}.Release|x64.ActiveCfg = Release|Any CPU
		{A448E2E3-A603-3BDD-C954-03B776086177}.Release|x64.Build.0 = Release|Any CPU
		{A448E2E3-A603-3BDD-C954-03B776086177}.Release|x86.ActiveCfg = Release|Any CPU
		{A448E2E3-A603-3BDD-C954-03B776086177}.Release|x86.Build.0 = Release|Any CPU
		{C319325E-0517-4476-9374-724FD35F5F80}.Debug|Any CPU.ActiveCfg = Debug|Any CPU
		{C319325E-0517-4476-9374-724FD35F5F80}.Debug|Any CPU.Build.0 = Debug|Any CPU
		{C319325E-0517-4476-9374-724FD35F5F80}.Debug|x64.ActiveCfg = Debug|Any CPU
		{C319325E-0517-4476-9374-724FD35F5F80}.Debug|x64.Build.0 = Debug|Any CPU
		{C319325E-0517-4476-9374-724FD35F5F80}.Debug|x86.ActiveCfg = Debug|Any CPU
		{C319325E-0517-4476-9374-724FD35F5F80}.Debug|x86.Build.0 = Debug|Any CPU
		{C319325E-0517-4476-9374-724FD35F5F80}.Release|Any CPU.ActiveCfg = Release|Any CPU
		{C319325E-0517-4476-9374-724FD35F5F80}.Release|Any CPU.Build.0 = Release|Any CPU
		{C319325E-0517-4476-9374-724FD35F5F80}.Release|x64.ActiveCfg = Release|Any CPU
		{C319325E-0517-4476-9374-724FD35F5F80}.Release|x64.Build.0 = Release|Any CPU
		{C319325E-0517-4476-9374-724FD35F5F80}.Release|x86.ActiveCfg = Release|Any CPU
		{C319325E-0517-4476-9374-724FD35F5F80}.Release|x86.Build.0 = Release|Any CPU
		{1C6AB700-F150-4A76-8FFE-A910E1D3B3C1}.Debug|Any CPU.ActiveCfg = Debug|Any CPU
		{1C6AB700-F150-4A76-8FFE-A910E1D3B3C1}.Debug|Any CPU.Build.0 = Debug|Any CPU
		{1C6AB700-F150-4A76-8FFE-A910E1D3B3C1}.Debug|x64.ActiveCfg = Debug|Any CPU
		{1C6AB700-F150-4A76-8FFE-A910E1D3B3C1}.Debug|x64.Build.0 = Debug|Any CPU
		{1C6AB700-F150-4A76-8FFE-A910E1D3B3C1}.Debug|x86.ActiveCfg = Debug|Any CPU
		{1C6AB700-F150-4A76-8FFE-A910E1D3B3C1}.Debug|x86.Build.0 = Debug|Any CPU
		{1C6AB700-F150-4A76-8FFE-A910E1D3B3C1}.Release|Any CPU.ActiveCfg = Release|Any CPU
		{1C6AB700-F150-4A76-8FFE-A910E1D3B3C1}.Release|Any CPU.Build.0 = Release|Any CPU
		{1C6AB700-F150-4A76-8FFE-A910E1D3B3C1}.Release|x64.ActiveCfg = Release|Any CPU
		{1C6AB700-F150-4A76-8FFE-A910E1D3B3C1}.Release|x64.Build.0 = Release|Any CPU
		{1C6AB700-F150-4A76-8FFE-A910E1D3B3C1}.Release|x86.ActiveCfg = Release|Any CPU
		{1C6AB700-F150-4A76-8FFE-A910E1D3B3C1}.Release|x86.Build.0 = Release|Any CPU
		{D58BA5FF-9AB3-4782-AE1E-514DD789ADBE}.Debug|Any CPU.ActiveCfg = Debug|Any CPU
		{D58BA5FF-9AB3-4782-AE1E-514DD789ADBE}.Debug|Any CPU.Build.0 = Debug|Any CPU
		{D58BA5FF-9AB3-4782-AE1E-514DD789ADBE}.Debug|x64.ActiveCfg = Debug|Any CPU
		{D58BA5FF-9AB3-4782-AE1E-514DD789ADBE}.Debug|x64.Build.0 = Debug|Any CPU
		{D58BA5FF-9AB3-4782-AE1E-514DD789ADBE}.Debug|x86.ActiveCfg = Debug|Any CPU
		{D58BA5FF-9AB3-4782-AE1E-514DD789ADBE}.Debug|x86.Build.0 = Debug|Any CPU
		{D58BA5FF-9AB3-4782-AE1E-514DD789ADBE}.Release|Any CPU.ActiveCfg = Release|Any CPU
		{D58BA5FF-9AB3-4782-AE1E-514DD789ADBE}.Release|Any CPU.Build.0 = Release|Any CPU
		{D58BA5FF-9AB3-4782-AE1E-514DD789ADBE}.Release|x64.ActiveCfg = Release|Any CPU
		{D58BA5FF-9AB3-4782-AE1E-514DD789ADBE}.Release|x64.Build.0 = Release|Any CPU
		{D58BA5FF-9AB3-4782-AE1E-514DD789ADBE}.Release|x86.ActiveCfg = Release|Any CPU
		{D58BA5FF-9AB3-4782-AE1E-514DD789ADBE}.Release|x86.Build.0 = Release|Any CPU
		{B705A0BE-A4BF-427A-8AEF-75A00D5A5AC1}.Debug|Any CPU.ActiveCfg = Debug|Any CPU
		{B705A0BE-A4BF-427A-8AEF-75A00D5A5AC1}.Debug|Any CPU.Build.0 = Debug|Any CPU
		{B705A0BE-A4BF-427A-8AEF-75A00D5A5AC1}.Debug|x64.ActiveCfg = Debug|Any CPU
		{B705A0BE-A4BF-427A-8AEF-75A00D5A5AC1}.Debug|x64.Build.0 = Debug|Any CPU
		{B705A0BE-A4BF-427A-8AEF-75A00D5A5AC1}.Debug|x86.ActiveCfg = Debug|Any CPU
		{B705A0BE-A4BF-427A-8AEF-75A00D5A5AC1}.Debug|x86.Build.0 = Debug|Any CPU
		{B705A0BE-A4BF-427A-8AEF-75A00D5A5AC1}.Release|Any CPU.ActiveCfg = Release|Any CPU
		{B705A0BE-A4BF-427A-8AEF-75A00D5A5AC1}.Release|Any CPU.Build.0 = Release|Any CPU
		{B705A0BE-A4BF-427A-8AEF-75A00D5A5AC1}.Release|x64.ActiveCfg = Release|Any CPU
		{B705A0BE-A4BF-427A-8AEF-75A00D5A5AC1}.Release|x64.Build.0 = Release|Any CPU
		{B705A0BE-A4BF-427A-8AEF-75A00D5A5AC1}.Release|x86.ActiveCfg = Release|Any CPU
		{B705A0BE-A4BF-427A-8AEF-75A00D5A5AC1}.Release|x86.Build.0 = Release|Any CPU
		{538C782C-27D1-4BF3-97FA-923886FECD0A}.Debug|Any CPU.ActiveCfg = Debug|Any CPU
		{538C782C-27D1-4BF3-97FA-923886FECD0A}.Debug|Any CPU.Build.0 = Debug|Any CPU
		{538C782C-27D1-4BF3-97FA-923886FECD0A}.Debug|x64.ActiveCfg = Debug|Any CPU
		{538C782C-27D1-4BF3-97FA-923886FECD0A}.Debug|x64.Build.0 = Debug|Any CPU
		{538C782C-27D1-4BF3-97FA-923886FECD0A}.Debug|x86.ActiveCfg = Debug|Any CPU
		{538C782C-27D1-4BF3-97FA-923886FECD0A}.Debug|x86.Build.0 = Debug|Any CPU
		{538C782C-27D1-4BF3-97FA-923886FECD0A}.Release|Any CPU.ActiveCfg = Release|Any CPU
		{538C782C-27D1-4BF3-97FA-923886FECD0A}.Release|Any CPU.Build.0 = Release|Any CPU
		{538C782C-27D1-4BF3-97FA-923886FECD0A}.Release|x64.ActiveCfg = Release|Any CPU
		{538C782C-27D1-4BF3-97FA-923886FECD0A}.Release|x64.Build.0 = Release|Any CPU
		{538C782C-27D1-4BF3-97FA-923886FECD0A}.Release|x86.ActiveCfg = Release|Any CPU
		{538C782C-27D1-4BF3-97FA-923886FECD0A}.Release|x86.Build.0 = Release|Any CPU
		{89027BEE-71CC-4F6C-978B-41DA0BF87C9C}.Debug|Any CPU.ActiveCfg = Debug|Any CPU
		{89027BEE-71CC-4F6C-978B-41DA0BF87C9C}.Debug|Any CPU.Build.0 = Debug|Any CPU
		{89027BEE-71CC-4F6C-978B-41DA0BF87C9C}.Debug|x64.ActiveCfg = Debug|Any CPU
		{89027BEE-71CC-4F6C-978B-41DA0BF87C9C}.Debug|x64.Build.0 = Debug|Any CPU
		{89027BEE-71CC-4F6C-978B-41DA0BF87C9C}.Debug|x86.ActiveCfg = Debug|Any CPU
		{89027BEE-71CC-4F6C-978B-41DA0BF87C9C}.Debug|x86.Build.0 = Debug|Any CPU
		{89027BEE-71CC-4F6C-978B-41DA0BF87C9C}.Release|Any CPU.ActiveCfg = Release|Any CPU
		{89027BEE-71CC-4F6C-978B-41DA0BF87C9C}.Release|Any CPU.Build.0 = Release|Any CPU
		{89027BEE-71CC-4F6C-978B-41DA0BF87C9C}.Release|x64.ActiveCfg = Release|Any CPU
		{89027BEE-71CC-4F6C-978B-41DA0BF87C9C}.Release|x64.Build.0 = Release|Any CPU
		{89027BEE-71CC-4F6C-978B-41DA0BF87C9C}.Release|x86.ActiveCfg = Release|Any CPU
		{89027BEE-71CC-4F6C-978B-41DA0BF87C9C}.Release|x86.Build.0 = Release|Any CPU
		{816CC74E-2358-40E4-B67D-355F3FE5D9D0}.Debug|Any CPU.ActiveCfg = Debug|Any CPU
		{816CC74E-2358-40E4-B67D-355F3FE5D9D0}.Debug|Any CPU.Build.0 = Debug|Any CPU
		{816CC74E-2358-40E4-B67D-355F3FE5D9D0}.Debug|x64.ActiveCfg = Debug|Any CPU
		{816CC74E-2358-40E4-B67D-355F3FE5D9D0}.Debug|x64.Build.0 = Debug|Any CPU
		{816CC74E-2358-40E4-B67D-355F3FE5D9D0}.Debug|x86.ActiveCfg = Debug|Any CPU
		{816CC74E-2358-40E4-B67D-355F3FE5D9D0}.Debug|x86.Build.0 = Debug|Any CPU
		{816CC74E-2358-40E4-B67D-355F3FE5D9D0}.Release|Any CPU.ActiveCfg = Release|Any CPU
		{816CC74E-2358-40E4-B67D-355F3FE5D9D0}.Release|Any CPU.Build.0 = Release|Any CPU
		{816CC74E-2358-40E4-B67D-355F3FE5D9D0}.Release|x64.ActiveCfg = Release|Any CPU
		{816CC74E-2358-40E4-B67D-355F3FE5D9D0}.Release|x64.Build.0 = Release|Any CPU
		{816CC74E-2358-40E4-B67D-355F3FE5D9D0}.Release|x86.ActiveCfg = Release|Any CPU
		{816CC74E-2358-40E4-B67D-355F3FE5D9D0}.Release|x86.Build.0 = Release|Any CPU
	EndGlobalSection
	GlobalSection(SolutionProperties) = preSolution
		HideSolutionNode = FALSE
	EndGlobalSection
	GlobalSection(NestedProjects) = preSolution
		{B8BB831D-C978-285C-053B-727E5826FBFE} = {E78EABE4-0802-4EE5-B4CA-9E23CCC8034F}
		{DD89DA38-0139-71CD-9B11-E235EC6632D7} = {18CC4608-EAA9-4582-9B14-93726CE3457B}
		{F8317762-D71B-4AB7-A07A-799C80B9BC53} = {18CC4608-EAA9-4582-9B14-93726CE3457B}
		{E827FA26-37E2-41F7-B48E-5AA6E26EDCE9} = {E78EABE4-0802-4EE5-B4CA-9E23CCC8034F}
		{51991FD1-2D1B-46D9-8A62-37796262BD66} = {18CC4608-EAA9-4582-9B14-93726CE3457B}
		{3328E5F6-7A3E-4AE3-8B1D-3DD7DF7ACD2E} = {E78EABE4-0802-4EE5-B4CA-9E23CCC8034F}
		{8213DB75-7D00-40F5-85DB-41CBC6797026} = {18CC4608-EAA9-4582-9B14-93726CE3457B}
		{B4CA9E3D-1CAF-4D0D-8D87-BC1216ADD593} = {18CC4608-EAA9-4582-9B14-93726CE3457B}
		{0D9ACA10-0461-F644-5A82-A9BAB3A61E15} = {18CC4608-EAA9-4582-9B14-93726CE3457B}
		{A448E2E3-A603-3BDD-C954-03B776086177} = {18CC4608-EAA9-4582-9B14-93726CE3457B}
		{C319325E-0517-4476-9374-724FD35F5F80} = {E78EABE4-0802-4EE5-B4CA-9E23CCC8034F}
		{1C6AB700-F150-4A76-8FFE-A910E1D3B3C1} = {07E508F7-C7D8-476B-BD48-593AF5C2CFA8}
		{D58BA5FF-9AB3-4782-AE1E-514DD789ADBE} = {02EA681E-C7D8-13C7-8484-4AC65E1B71E8}
		{B705A0BE-A4BF-427A-8AEF-75A00D5A5AC1} = {07E508F7-C7D8-476B-BD48-593AF5C2CFA8}
		{538C782C-27D1-4BF3-97FA-923886FECD0A} = {18CC4608-EAA9-4582-9B14-93726CE3457B}
		{89027BEE-71CC-4F6C-978B-41DA0BF87C9C} = {07E508F7-C7D8-476B-BD48-593AF5C2CFA8}
		{07E508F7-C7D8-476B-BD48-593AF5C2CFA8} = {02EA681E-C7D8-13C7-8484-4AC65E1B71E8}
		{DBCC5C89-0116-4EB6-9CFB-9CD975A788DA} = {02EA681E-C7D8-13C7-8484-4AC65E1B71E8}
		{816CC74E-2358-40E4-B67D-355F3FE5D9D0} = {DBCC5C89-0116-4EB6-9CFB-9CD975A788DA}
	EndGlobalSection
	GlobalSection(ExtensibilityGlobals) = postSolution
		SolutionGuid = {E5D04C96-B2FB-483E-AE74-F400DA0A56A8}
	EndGlobalSection
EndGlobal
